
Microsoft Visual Studio Solution File, Format Version 12.00
# Visual Studio 15
VisualStudioVersion = 15.0.27520.0
MinimumVisualStudioVersion = 10.0.40219.1
Project("{FAE04EC0-301F-11D3-BF4B-00C04F79EFBC}") = "BlazorDemos.Server", "BlazorDemos\BlazorDemos.Server\BlazorDemos.Server.csproj", "{B0098ECF-0417-4948-9C76-0971A742EB82}"
EndProject
Project("{FAE04EC0-301F-11D3-BF4B-00C04F79EFBC}") = "BlazorDemos.Client", "BlazorDemos\BlazorDemos.Client\BlazorDemos.Client.csproj", "{C99DB124-C296-424A-AFD4-C38119DE8BB7}"
EndProject
Project("{FAE04EC0-301F-11D3-BF4B-00C04F79EFBC}") = "BlazorDemos.Shared", "BlazorDemos\BlazorDemos.Shared\BlazorDemos.Shared.csproj", "{16D92A1C-8EF3-457A-A283-CEE1113B0DAD}"
EndProject
Global
	GlobalSection(SolutionConfigurationPlatforms) = preSolution
		Debug|Any CPU = Debug|Any CPU
		Release|Any CPU = Release|Any CPU
	EndGlobalSection
	GlobalSection(ProjectConfigurationPlatforms) = postSolution
		{B0098ECF-0417-4948-9C76-0971A742EB82}.Debug|Any CPU.ActiveCfg = Debug|Any CPU
		{B0098ECF-0417-4948-9C76-0971A742EB82}.Debug|Any CPU.Build.0 = Debug|Any CPU
		{B0098ECF-0417-4948-9C76-0971A742EB82}.Release|Any CPU.ActiveCfg = Release|Any CPU
		{B0098ECF-0417-4948-9C76-0971A742EB82}.Release|Any CPU.Build.0 = Release|Any CPU
		{C99DB124-C296-424A-AFD4-C38119DE8BB7}.Debug|Any CPU.ActiveCfg = Debug|Any CPU
		{C99DB124-C296-424A-AFD4-C38119DE8BB7}.Debug|Any CPU.Build.0 = Debug|Any CPU
		{C99DB124-C296-424A-AFD4-C38119DE8BB7}.Release|Any CPU.ActiveCfg = Release|Any CPU
		{C99DB124-C296-424A-AFD4-C38119DE8BB7}.Release|Any CPU.Build.0 = Release|Any CPU
		{16D92A1C-8EF3-457A-A283-CEE1113B0DAD}.Debug|Any CPU.ActiveCfg = Debug|Any CPU
		{16D92A1C-8EF3-457A-A283-CEE1113B0DAD}.Debug|Any CPU.Build.0 = Debug|Any CPU
		{16D92A1C-8EF3-457A-A283-CEE1113B0DAD}.Release|Any CPU.ActiveCfg = Release|Any CPU
		{16D92A1C-8EF3-457A-A283-CEE1113B0DAD}.Release|Any CPU.Build.0 = Release|Any CPU
	EndGlobalSection
	GlobalSection(SolutionProperties) = preSolution
		HideSolutionNode = FALSE
	EndGlobalSection
	GlobalSection(ExtensibilityGlobals) = postSolution
		SolutionGuid = {DC8E2A41-5F9B-4BD9-B733-425E328920DE}
	EndGlobalSection
EndGlobal
